
Microsoft Visual Studio Solution File, Format Version 12.00
# Visual Studio Version 17
VisualStudioVersion = 17.14.36518.9
MinimumVisualStudioVersion = 10.0.40219.1
Project("{2150E333-8FDC-42A3-9474-1A3956D46DE8}") = "Task0", "Task0", "{02EA681E-C7D8-13C7-8484-4AC65E1B71E8}"
EndProject
Project("{FAE04EC0-301F-11D3-BF4B-00C04F79EFBC}") = "Tyuiu.KononenkoVA.Sprint5.Task0.V17", "Tyuiu.KononenkoVA.Sprint5.Task0.V17\Tyuiu.KononenkoVA.Sprint5.Task0.V17.csproj", "{CE261022-A2AD-4013-8C9B-744055114DE5}"
EndProject
Project("{FAE04EC0-301F-11D3-BF4B-00C04F79EFBC}") = "Tyuiu.KononenkoVA.Sprint5.Task0.V17.Lib", "Tyuiu.KononenkoVA.Sprint5.Task0.V17.Lib\Tyuiu.KononenkoVA.Sprint5.Task0.V17.Lib.csproj", "{0CFAFA53-71F7-4472-A182-7A1031B8A0B6}"
EndProject
Project("{FAE04EC0-301F-11D3-BF4B-00C04F79EFBC}") = "Tyuiu.KononenkoVA.Sprint5.Task0.V17.Test", "Tyuiu.KononenkoVA.Sprint5.Task0.V17.Test\Tyuiu.KononenkoVA.Sprint5.Task0.V17.Test.csproj", "{1EDB7A5C-8F95-467E-BEB0-1454B01B34D0}"
EndProject
Project("{2150E333-8FDC-42A3-9474-1A3956D46DE8}") = "Task1", "Task1", "{58120475-9C5F-4852-84BC-2375B974994A}"
EndProject
Project("{FAE04EC0-301F-11D3-BF4B-00C04F79EFBC}") = "Tyuiu.KononenkoVA.Sprint5.Task1.V20", "Tyuiu.KononenkoVA.Sprint5.Task1.V20\Tyuiu.KononenkoVA.Sprint5.Task1.V20.csproj", "{2B00E9E1-F1C6-4E8F-BF43-BD7C7DB3B897}"
EndProject
Project("{FAE04EC0-301F-11D3-BF4B-00C04F79EFBC}") = "Tyuiu.KononenkoVA.Sprint5.Task1.V20.Lib", "Tyuiu.KononenkoVA.Sprint5.Task1.V20.Lib\Tyuiu.KononenkoVA.Sprint5.Task1.V20.Lib.csproj", "{ED279E0A-3476-432C-9573-4C82FA36D8DC}"
EndProject
Project("{FAE04EC0-301F-11D3-BF4B-00C04F79EFBC}") = "Tyuiu.KononenkoVA.Sprint5.Task1.V20.Test", "Tyuiu.KononenkoVA.Sprint5.Task1.V20.Test\Tyuiu.KononenkoVA.Sprint5.Task1.V20.Test.csproj", "{2DD88DED-804F-41FC-ACAA-6EC63713AA10}"
EndProject
Project("{2150E333-8FDC-42A3-9474-1A3956D46DE8}") = "Task2", "Task2", "{D11F1B9A-78F3-4E89-B396-6ABF10327EE3}"
EndProject
Project("{FAE04EC0-301F-11D3-BF4B-00C04F79EFBC}") = "Tyuiu.KononenkoVA.Sprint5.Task2.V22", "Tyuiu.KononenkoVA.Sprint5.Task2.V22\Tyuiu.KononenkoVA.Sprint5.Task2.V22.csproj", "{094CF6DA-B7AF-4FEB-95E5-86EF6EB24245}"
EndProject
Project("{FAE04EC0-301F-11D3-BF4B-00C04F79EFBC}") = "Tyuiu.KononenkoVA.Sprint5.Task2.V22.Lib", "Tyuiu.KononenkoVA.Sprint5.Task2.V22.Lib\Tyuiu.KononenkoVA.Sprint5.Task2.V22.Lib.csproj", "{F83071AD-C277-4747-8350-200ABF81F5F3}"
EndProject
Project("{FAE04EC0-301F-11D3-BF4B-00C04F79EFBC}") = "Tyuiu.KononenkoVA.Sprint5.Task2.V22.Test", "Tyuiu.KononenkoVA.Sprint5.Task2.V22.Test\Tyuiu.KononenkoVA.Sprint5.Task2.V22.Test.csproj", "{001FBC08-3733-4606-AA28-F6C8D47D9014}"
EndProject
Project("{2150E333-8FDC-42A3-9474-1A3956D46DE8}") = "Task3", "Task3", "{5F509041-EB5F-40BA-9818-0C59528B535F}"
EndProject
Project("{FAE04EC0-301F-11D3-BF4B-00C04F79EFBC}") = "Tyuiu.KononenkoVA.Sprint5.Task3.V3", "Tyuiu.KononenkoVA.Sprint5.Task3.V3\Tyuiu.KononenkoVA.Sprint5.Task3.V3.csproj", "{8B2D237F-7E02-4C8A-ABEE-FCEEFCFBDFE9}"
EndProject
Project("{FAE04EC0-301F-11D3-BF4B-00C04F79EFBC}") = "Tyuiu.KononenkoVA.Sprint5.Task3.V3.Test", "Tyuiu.KononenkoVA.Sprint5.Task3.V3.Test\Tyuiu.KononenkoVA.Sprint5.Task3.V3.Test.csproj", "{2473FD8D-97BF-4A80-A49A-3F89863D9611}"
EndProject
Project("{FAE04EC0-301F-11D3-BF4B-00C04F79EFBC}") = "Tyuiu.KononenkoVA.Sprint5.Task3.V3.Lib", "Tyuiu.KononenkoVA.Sprint5.Task3.V3.Lib\Tyuiu.KononenkoVA.Sprint5.Task3.V3.Lib.csproj", "{823440CA-26CD-4D30-BFEB-086801CDAAFE}"
EndProject
Project("{2150E333-8FDC-42A3-9474-1A3956D46DE8}") = "Task4", "Task4", "{69AC0976-C893-43F4-A290-7D426DEAED97}"
EndProject
Project("{FAE04EC0-301F-11D3-BF4B-00C04F79EFBC}") = "Tyuiu.KononenkoVA.Sprint5.Task4.V1", "Tyuiu.KononenkoVA.Sprint5.Task4.V1\Tyuiu.KononenkoVA.Sprint5.Task4.V1.csproj", "{8C8FA65B-8DD5-4B8D-87DF-06056E30650A}"
EndProject
Project("{FAE04EC0-301F-11D3-BF4B-00C04F79EFBC}") = "Tyuiu.KononenkoVA.Sprint5.Task4.V1.Lib", "Tyuiu.KononenkoVA.Sprint5.Task4.V1.Lib\Tyuiu.KononenkoVA.Sprint5.Task4.V1.Lib.csproj", "{29C33420-B74A-46A6-AFD2-FD97B7121D52}"
EndProject
Project("{FAE04EC0-301F-11D3-BF4B-00C04F79EFBC}") = "Tyuiu.KononenkoVA.Sprint5.Task4.V1.Test", "Tyuiu.KononenkoVA.Sprint5.Task4.V1.Test\Tyuiu.KononenkoVA.Sprint5.Task4.V1.Test.csproj", "{535F4F29-27DA-4CEB-9E2F-E9E2DB8522B5}"
EndProject
Project("{2150E333-8FDC-42A3-9474-1A3956D46DE8}") = "Task5", "Task5", "{D4484D00-8B76-4B5D-AEC9-D8CC95CA3EC3}"
EndProject
Project("{FAE04EC0-301F-11D3-BF4B-00C04F79EFBC}") = "Tyuiu.KononenkoVA.Sprint5.Task5.V13", "Tyuiu.KononenkoVA.Sprint5.Task5.V13\Tyuiu.KononenkoVA.Sprint5.Task5.V13.csproj", "{51091EC9-0538-462A-8AE9-9D04B84770C8}"
EndProject
Project("{FAE04EC0-301F-11D3-BF4B-00C04F79EFBC}") = "Tyuiu.KononenkoVA.Sprint5.Task5.V13.Lib", "Tyuiu.KononenkoVA.Sprint5.Task5.V13.Lib\Tyuiu.KononenkoVA.Sprint5.Task5.V13.Lib.csproj", "{8257734E-7A7D-4906-8EC4-EE3D5D78116E}"
EndProject
Project("{FAE04EC0-301F-11D3-BF4B-00C04F79EFBC}") = "Tyuiu.KononenkoVA.Sprint5.Task5.V13.Test", "Tyuiu.KononenkoVA.Sprint5.Task5.V13.Test\Tyuiu.KononenkoVA.Sprint5.Task5.V13.Test.csproj", "{81284A6C-79DE-4DAB-8CDD-4769257327D8}"
EndProject
Project("{2150E333-8FDC-42A3-9474-1A3956D46DE8}") = "Task6", "Task6", "{7E070214-161F-4F8B-813F-36E322C7E3B5}"
EndProject
Project("{FAE04EC0-301F-11D3-BF4B-00C04F79EFBC}") = "Tyuiu.KononenkoVA.Sprint5.Task6.V22", "Tyuiu.KononenkoVA.Sprint5.Task6.V22\Tyuiu.KononenkoVA.Sprint5.Task6.V22.csproj", "{CAAD0537-913E-47A1-BE9F-E22A99284243}"
EndProject
Project("{FAE04EC0-301F-11D3-BF4B-00C04F79EFBC}") = "Tyuiu.KononenkoVA.Sprint5.Task6.V22.Lib", "Tyuiu.KononenkoVA.Sprint5.Task6.V22.Lib\Tyuiu.KononenkoVA.Sprint5.Task6.V22.Lib.csproj", "{5A13A47A-FE31-488D-882A-21AA1142BADC}"
EndProject
Project("{FAE04EC0-301F-11D3-BF4B-00C04F79EFBC}") = "Tyuiu.KononenkoVA.Sprint5.Task6.V22.Test", "Tyuiu.KononenkoVA.Sprint5.Task6.V22.Test\Tyuiu.KononenkoVA.Sprint5.Task6.V22.Test.csproj", "{B667D364-D591-48D9-8955-84BB95C7B091}"
EndProject
Global
	GlobalSection(SolutionConfigurationPlatforms) = preSolution
		Debug|Any CPU = Debug|Any CPU
		Release|Any CPU = Release|Any CPU
	EndGlobalSection
	GlobalSection(ProjectConfigurationPlatforms) = postSolution
		{CE261022-A2AD-4013-8C9B-744055114DE5}.Debug|Any CPU.ActiveCfg = Debug|Any CPU
		{CE261022-A2AD-4013-8C9B-744055114DE5}.Debug|Any CPU.Build.0 = Debug|Any CPU
		{CE261022-A2AD-4013-8C9B-744055114DE5}.Release|Any CPU.ActiveCfg = Release|Any CPU
		{CE261022-A2AD-4013-8C9B-744055114DE5}.Release|Any CPU.Build.0 = Release|Any CPU
		{0CFAFA53-71F7-4472-A182-7A1031B8A0B6}.Debug|Any CPU.ActiveCfg = Debug|Any CPU
		{0CFAFA53-71F7-4472-A182-7A1031B8A0B6}.Debug|Any CPU.Build.0 = Debug|Any CPU
		{0CFAFA53-71F7-4472-A182-7A1031B8A0B6}.Release|Any CPU.ActiveCfg = Release|Any CPU
		{0CFAFA53-71F7-4472-A182-7A1031B8A0B6}.Release|Any CPU.Build.0 = Release|Any CPU
		{1EDB7A5C-8F95-467E-BEB0-1454B01B34D0}.Debug|Any CPU.ActiveCfg = Debug|Any CPU
		{1EDB7A5C-8F95-467E-BEB0-1454B01B34D0}.Debug|Any CPU.Build.0 = Debug|Any CPU
		{1EDB7A5C-8F95-467E-BEB0-1454B01B34D0}.Release|Any CPU.ActiveCfg = Release|Any CPU
		{1EDB7A5C-8F95-467E-BEB0-1454B01B34D0}.Release|Any CPU.Build.0 = Release|Any CPU
		{2B00E9E1-F1C6-4E8F-BF43-BD7C7DB3B897}.Debug|Any CPU.ActiveCfg = Debug|Any CPU
		{2B00E9E1-F1C6-4E8F-BF43-BD7C7DB3B897}.Debug|Any CPU.Build.0 = Debug|Any CPU
		{2B00E9E1-F1C6-4E8F-BF43-BD7C7DB3B897}.Release|Any CPU.ActiveCfg = Release|Any CPU
		{2B00E9E1-F1C6-4E8F-BF43-BD7C7DB3B897}.Release|Any CPU.Build.0 = Release|Any CPU
		{ED279E0A-3476-432C-9573-4C82FA36D8DC}.Debug|Any CPU.ActiveCfg = Debug|Any CPU
		{ED279E0A-3476-432C-9573-4C82FA36D8DC}.Debug|Any CPU.Build.0 = Debug|Any CPU
		{ED279E0A-3476-432C-9573-4C82FA36D8DC}.Release|Any CPU.ActiveCfg = Release|Any CPU
		{ED279E0A-3476-432C-9573-4C82FA36D8DC}.Release|Any CPU.Build.0 = Release|Any CPU
		{2DD88DED-804F-41FC-ACAA-6EC63713AA10}.Debug|Any CPU.ActiveCfg = Debug|Any CPU
		{2DD88DED-804F-41FC-ACAA-6EC63713AA10}.Debug|Any CPU.Build.0 = Debug|Any CPU
		{2DD88DED-804F-41FC-ACAA-6EC63713AA10}.Release|Any CPU.ActiveCfg = Release|Any CPU
		{2DD88DED-804F-41FC-ACAA-6EC63713AA10}.Release|Any CPU.Build.0 = Release|Any CPU
		{094CF6DA-B7AF-4FEB-95E5-86EF6EB24245}.Debug|Any CPU.ActiveCfg = Debug|Any CPU
		{094CF6DA-B7AF-4FEB-95E5-86EF6EB24245}.Debug|Any CPU.Build.0 = Debug|Any CPU
		{094CF6DA-B7AF-4FEB-95E5-86EF6EB24245}.Release|Any CPU.ActiveCfg = Release|Any CPU
		{094CF6DA-B7AF-4FEB-95E5-86EF6EB24245}.Release|Any CPU.Build.0 = Release|Any CPU
		{F83071AD-C277-4747-8350-200ABF81F5F3}.Debug|Any CPU.ActiveCfg = Debug|Any CPU
		{F83071AD-C277-4747-8350-200ABF81F5F3}.Debug|Any CPU.Build.0 = Debug|Any CPU
		{F83071AD-C277-4747-8350-200ABF81F5F3}.Release|Any CPU.ActiveCfg = Release|Any CPU
		{F83071AD-C277-4747-8350-200ABF81F5F3}.Release|Any CPU.Build.0 = Release|Any CPU
		{001FBC08-3733-4606-AA28-F6C8D47D9014}.Debug|Any CPU.ActiveCfg = Debug|Any CPU
		{001FBC08-3733-4606-AA28-F6C8D47D9014}.Debug|Any CPU.Build.0 = Debug|Any CPU
		{001FBC08-3733-4606-AA28-F6C8D47D9014}.Release|Any CPU.ActiveCfg = Release|Any CPU
		{001FBC08-3733-4606-AA28-F6C8D47D9014}.Release|Any CPU.Build.0 = Release|Any CPU
		{8B2D237F-7E02-4C8A-ABEE-FCEEFCFBDFE9}.Debug|Any CPU.ActiveCfg = Debug|Any CPU
		{8B2D237F-7E02-4C8A-ABEE-FCEEFCFBDFE9}.Debug|Any CPU.Build.0 = Debug|Any CPU
		{8B2D237F-7E02-4C8A-ABEE-FCEEFCFBDFE9}.Release|Any CPU.ActiveCfg = Release|Any CPU
		{8B2D237F-7E02-4C8A-ABEE-FCEEFCFBDFE9}.Release|Any CPU.Build.0 = Release|Any CPU
		{2473FD8D-97BF-4A80-A49A-3F89863D9611}.Debug|Any CPU.ActiveCfg = Debug|Any CPU
		{2473FD8D-97BF-4A80-A49A-3F89863D9611}.Debug|Any CPU.Build.0 = Debug|Any CPU
		{2473FD8D-97BF-4A80-A49A-3F89863D9611}.Release|Any CPU.ActiveCfg = Release|Any CPU
		{2473FD8D-97BF-4A80-A49A-3F89863D9611}.Release|Any CPU.Build.0 = Release|Any CPU
		{823440CA-26CD-4D30-BFEB-086801CDAAFE}.Debug|Any CPU.ActiveCfg = Debug|Any CPU
		{823440CA-26CD-4D30-BFEB-086801CDAAFE}.Debug|Any CPU.Build.0 = Debug|Any CPU
		{823440CA-26CD-4D30-BFEB-086801CDAAFE}.Release|Any CPU.ActiveCfg = Release|Any CPU
		{823440CA-26CD-4D30-BFEB-086801CDAAFE}.Release|Any CPU.Build.0 = Release|Any CPU
		{8C8FA65B-8DD5-4B8D-87DF-06056E30650A}.Debug|Any CPU.ActiveCfg = Debug|Any CPU
		{8C8FA65B-8DD5-4B8D-87DF-06056E30650A}.Debug|Any CPU.Build.0 = Debug|Any CPU
		{8C8FA65B-8DD5-4B8D-87DF-06056E30650A}.Release|Any CPU.ActiveCfg = Release|Any CPU
		{8C8FA65B-8DD5-4B8D-87DF-06056E30650A}.Release|Any CPU.Build.0 = Release|Any CPU
		{29C33420-B74A-46A6-AFD2-FD97B7121D52}.Debug|Any CPU.ActiveCfg = Debug|Any CPU
		{29C33420-B74A-46A6-AFD2-FD97B7121D52}.Debug|Any CPU.Build.0 = Debug|Any CPU
		{29C33420-B74A-46A6-AFD2-FD97B7121D52}.Release|Any CPU.ActiveCfg = Release|Any CPU
		{29C33420-B74A-46A6-AFD2-FD97B7121D52}.Release|Any CPU.Build.0 = Release|Any CPU
		{535F4F29-27DA-4CEB-9E2F-E9E2DB8522B5}.Debug|Any CPU.ActiveCfg = Debug|Any CPU
		{535F4F29-27DA-4CEB-9E2F-E9E2DB8522B5}.Debug|Any CPU.Build.0 = Debug|Any CPU
		{535F4F29-27DA-4CEB-9E2F-E9E2DB8522B5}.Release|Any CPU.ActiveCfg = Release|Any CPU
		{535F4F29-27DA-4CEB-9E2F-E9E2DB8522B5}.Release|Any CPU.Build.0 = Release|Any CPU
		{51091EC9-0538-462A-8AE9-9D04B84770C8}.Debug|Any CPU.ActiveCfg = Debug|Any CPU
		{51091EC9-0538-462A-8AE9-9D04B84770C8}.Debug|Any CPU.Build.0 = Debug|Any CPU
		{51091EC9-0538-462A-8AE9-9D04B84770C8}.Release|Any CPU.ActiveCfg = Release|Any CPU
		{51091EC9-0538-462A-8AE9-9D04B84770C8}.Release|Any CPU.Build.0 = Release|Any CPU
		{8257734E-7A7D-4906-8EC4-EE3D5D78116E}.Debug|Any CPU.ActiveCfg = Debug|Any CPU
		{8257734E-7A7D-4906-8EC4-EE3D5D78116E}.Debug|Any CPU.Build.0 = Debug|Any CPU
		{8257734E-7A7D-4906-8EC4-EE3D5D78116E}.Release|Any CPU.ActiveCfg = Release|Any CPU
		{8257734E-7A7D-4906-8EC4-EE3D5D78116E}.Release|Any CPU.Build.0 = Release|Any CPU
		{81284A6C-79DE-4DAB-8CDD-4769257327D8}.Debug|Any CPU.ActiveCfg = Debug|Any CPU
		{81284A6C-79DE-4DAB-8CDD-4769257327D8}.Debug|Any CPU.Build.0 = Debug|Any CPU
		{81284A6C-79DE-4DAB-8CDD-4769257327D8}.Release|Any CPU.ActiveCfg = Release|Any CPU
		{81284A6C-79DE-4DAB-8CDD-4769257327D8}.Release|Any CPU.Build.0 = Release|Any CPU
		{CAAD0537-913E-47A1-BE9F-E22A99284243}.Debug|Any CPU.ActiveCfg = Debug|Any CPU
		{CAAD0537-913E-47A1-BE9F-E22A99284243}.Debug|Any CPU.Build.0 = Debug|Any CPU
		{CAAD0537-913E-47A1-BE9F-E22A99284243}.Release|Any CPU.ActiveCfg = Release|Any CPU
		{CAAD0537-913E-47A1-BE9F-E22A99284243}.Release|Any CPU.Build.0 = Release|Any CPU
		{5A13A47A-FE31-488D-882A-21AA1142BADC}.Debug|Any CPU.ActiveCfg = Debug|Any CPU
		{5A13A47A-FE31-488D-882A-21AA1142BADC}.Debug|Any CPU.Build.0 = Debug|Any CPU
		{5A13A47A-FE31-488D-882A-21AA1142BADC}.Release|Any CPU.ActiveCfg = Release|Any CPU
		{5A13A47A-FE31-488D-882A-21AA1142BADC}.Release|Any CPU.Build.0 = Release|Any CPU
		{B667D364-D591-48D9-8955-84BB95C7B091}.Debug|Any CPU.ActiveCfg = Debug|Any CPU
		{B667D364-D591-48D9-8955-84BB95C7B091}.Debug|Any CPU.Build.0 = Debug|Any CPU
		{B667D364-D591-48D9-8955-84BB95C7B091}.Release|Any CPU.ActiveCfg = Release|Any CPU
		{B667D364-D591-48D9-8955-84BB95C7B091}.Release|Any CPU.Build.0 = Release|Any CPU
	EndGlobalSection
	GlobalSection(SolutionProperties) = preSolution
		HideSolutionNode = FALSE
	EndGlobalSection
	GlobalSection(NestedProjects) = preSolution
		{CE261022-A2AD-4013-8C9B-744055114DE5} = {02EA681E-C7D8-13C7-8484-4AC65E1B71E8}
		{0CFAFA53-71F7-4472-A182-7A1031B8A0B6} = {02EA681E-C7D8-13C7-8484-4AC65E1B71E8}
		{1EDB7A5C-8F95-467E-BEB0-1454B01B34D0} = {02EA681E-C7D8-13C7-8484-4AC65E1B71E8}
		{2B00E9E1-F1C6-4E8F-BF43-BD7C7DB3B897} = {58120475-9C5F-4852-84BC-2375B974994A}
		{ED279E0A-3476-432C-9573-4C82FA36D8DC} = {58120475-9C5F-4852-84BC-2375B974994A}
		{2DD88DED-804F-41FC-ACAA-6EC63713AA10} = {58120475-9C5F-4852-84BC-2375B974994A}
		{094CF6DA-B7AF-4FEB-95E5-86EF6EB24245} = {D11F1B9A-78F3-4E89-B396-6ABF10327EE3}
		{F83071AD-C277-4747-8350-200ABF81F5F3} = {D11F1B9A-78F3-4E89-B396-6ABF10327EE3}
		{001FBC08-3733-4606-AA28-F6C8D47D9014} = {D11F1B9A-78F3-4E89-B396-6ABF10327EE3}
		{8B2D237F-7E02-4C8A-ABEE-FCEEFCFBDFE9} = {5F509041-EB5F-40BA-9818-0C59528B535F}
		{2473FD8D-97BF-4A80-A49A-3F89863D9611} = {5F509041-EB5F-40BA-9818-0C59528B535F}
		{823440CA-26CD-4D30-BFEB-086801CDAAFE} = {5F509041-EB5F-40BA-9818-0C59528B535F}
		{8C8FA65B-8DD5-4B8D-87DF-06056E30650A} = {69AC0976-C893-43F4-A290-7D426DEAED97}
		{29C33420-B74A-46A6-AFD2-FD97B7121D52} = {69AC0976-C893-43F4-A290-7D426DEAED97}
		{535F4F29-27DA-4CEB-9E2F-E9E2DB8522B5} = {69AC0976-C893-43F4-A290-7D426DEAED97}
		{51091EC9-0538-462A-8AE9-9D04B84770C8} = {D4484D00-8B76-4B5D-AEC9-D8CC95CA3EC3}
		{8257734E-7A7D-4906-8EC4-EE3D5D78116E} = {D4484D00-8B76-4B5D-AEC9-D8CC95CA3EC3}
		{81284A6C-79DE-4DAB-8CDD-4769257327D8} = {D4484D00-8B76-4B5D-AEC9-D8CC95CA3EC3}
		{CAAD0537-913E-47A1-BE9F-E22A99284243} = {7E070214-161F-4F8B-813F-36E322C7E3B5}
		{5A13A47A-FE31-488D-882A-21AA1142BADC} = {7E070214-161F-4F8B-813F-36E322C7E3B5}
		{B667D364-D591-48D9-8955-84BB95C7B091} = {7E070214-161F-4F8B-813F-36E322C7E3B5}
	EndGlobalSection
	GlobalSection(ExtensibilityGlobals) = postSolution
		SolutionGuid = {8F95964F-F0F8-4418-B4D9-6026A610D264}
	EndGlobalSection
EndGlobal
